
Microsoft Visual Studio Solution File, Format Version 12.00
# Visual Studio Version 16
VisualStudioVersion = 16.0.29509.3
MinimumVisualStudioVersion = 10.0.40219.1
Project("{2150E333-8FDC-42A3-9474-1A3956D46DE8}") = "Infrastructure", "Infrastructure", "{A25DDD8B-DEE3-4150-A842-F5F1B199B321}"
EndProject
Project("{2150E333-8FDC-42A3-9474-1A3956D46DE8}") = "Data", "Data", "{D4D7C765-6BEC-4279-A9D9-E5F4D5BB3501}"
EndProject
Project("{9A19103F-16F7-4668-BE54-9A1E7A4F7556}") = "Infrastructure.Data", "Infrastructure\Data\Infrastructure.Data\Infrastructure.Data.csproj", "{F0D288D1-12AB-4763-8D4C-46027CF5C168}"
EndProject
Project("{2150E333-8FDC-42A3-9474-1A3956D46DE8}") = "Test", "Test", "{4A84E30F-1F95-4E8D-A567-F59FA4AF0608}"
EndProject
Project("{9A19103F-16F7-4668-BE54-9A1E7A4F7556}") = "Test.NUnit", "Tset\Test.NUnit\Test.NUnit.csproj", "{0DB8CD7F-84B3-4104-ABF2-6A1570DA22E5}"
EndProject
Project("{2150E333-8FDC-42A3-9474-1A3956D46DE8}") = "Utility", "Utility", "{44C47032-573F-4BC2-A3AC-5312AEB0BB96}"
EndProject
Project("{2150E333-8FDC-42A3-9474-1A3956D46DE8}") = "MessageQueue", "MessageQueue", "{7DC9EFEB-8CF2-421A-8A6F-09FF152EB257}"
EndProject
Project("{9A19103F-16F7-4668-BE54-9A1E7A4F7556}") = "MessageQueue.Rabbit", "Utility\MessageQueue\MessageQueue.Rabbit\MessageQueue.Rabbit.csproj", "{2B2D66A7-1F8B-408F-B956-498255CAEF36}"
EndProject
Project("{2150E333-8FDC-42A3-9474-1A3956D46DE8}") = "NoSql", "NoSql", "{609DF766-EDDD-49ED-AA5D-8C9A08323256}"
EndProject
Project("{9A19103F-16F7-4668-BE54-9A1E7A4F7556}") = "NoSql.Redis", "Utility\NoSql\NoSql.Redis\NoSql.Redis.csproj", "{555E31C5-F192-4432-B336-8BBECDE048C5}"
EndProject
Project("{FAE04EC0-301F-11D3-BF4B-00C04F79EFBC}") = "Lambda.Extension", "Infrastructure\Data\Lambda.Extension\Lambda.Extension.csproj", "{D0A3C494-FB61-49BF-B5FD-F0B321015199}"
EndProject
Global
	GlobalSection(SolutionConfigurationPlatforms) = preSolution
		Debug|Any CPU = Debug|Any CPU
		Release|Any CPU = Release|Any CPU
	EndGlobalSection
	GlobalSection(ProjectConfigurationPlatforms) = postSolution
		{F0D288D1-12AB-4763-8D4C-46027CF5C168}.Debug|Any CPU.ActiveCfg = Debug|Any CPU
		{F0D288D1-12AB-4763-8D4C-46027CF5C168}.Debug|Any CPU.Build.0 = Debug|Any CPU
		{F0D288D1-12AB-4763-8D4C-46027CF5C168}.Release|Any CPU.ActiveCfg = Release|Any CPU
		{F0D288D1-12AB-4763-8D4C-46027CF5C168}.Release|Any CPU.Build.0 = Release|Any CPU
		{0DB8CD7F-84B3-4104-ABF2-6A1570DA22E5}.Debug|Any CPU.ActiveCfg = Debug|Any CPU
		{0DB8CD7F-84B3-4104-ABF2-6A1570DA22E5}.Debug|Any CPU.Build.0 = Debug|Any CPU
		{0DB8CD7F-84B3-4104-ABF2-6A1570DA22E5}.Release|Any CPU.ActiveCfg = Release|Any CPU
		{0DB8CD7F-84B3-4104-ABF2-6A1570DA22E5}.Release|Any CPU.Build.0 = Release|Any CPU
		{2B2D66A7-1F8B-408F-B956-498255CAEF36}.Debug|Any CPU.ActiveCfg = Debug|Any CPU
		{2B2D66A7-1F8B-408F-B956-498255CAEF36}.Debug|Any CPU.Build.0 = Debug|Any CPU
		{2B2D66A7-1F8B-408F-B956-498255CAEF36}.Release|Any CPU.ActiveCfg = Release|Any CPU
		{2B2D66A7-1F8B-408F-B956-498255CAEF36}.Release|Any CPU.Build.0 = Release|Any CPU
		{555E31C5-F192-4432-B336-8BBECDE048C5}.Debug|Any CPU.ActiveCfg = Debug|Any CPU
		{555E31C5-F192-4432-B336-8BBECDE048C5}.Debug|Any CPU.Build.0 = Debug|Any CPU
		{555E31C5-F192-4432-B336-8BBECDE048C5}.Release|Any CPU.ActiveCfg = Release|Any CPU
		{555E31C5-F192-4432-B336-8BBECDE048C5}.Release|Any CPU.Build.0 = Release|Any CPU
		{D0A3C494-FB61-49BF-B5FD-F0B321015199}.Debug|Any CPU.ActiveCfg = Debug|Any CPU
		{D0A3C494-FB61-49BF-B5FD-F0B321015199}.Debug|Any CPU.Build.0 = Debug|Any CPU
		{D0A3C494-FB61-49BF-B5FD-F0B321015199}.Release|Any CPU.ActiveCfg = Release|Any CPU
		{D0A3C494-FB61-49BF-B5FD-F0B321015199}.Release|Any CPU.Build.0 = Release|Any CPU
	EndGlobalSection
	GlobalSection(SolutionProperties) = preSolution
		HideSolutionNode = FALSE
	EndGlobalSection
	GlobalSection(NestedProjects) = preSolution
		{D4D7C765-6BEC-4279-A9D9-E5F4D5BB3501} = {A25DDD8B-DEE3-4150-A842-F5F1B199B321}
		{F0D288D1-12AB-4763-8D4C-46027CF5C168} = {D4D7C765-6BEC-4279-A9D9-E5F4D5BB3501}
		{0DB8CD7F-84B3-4104-ABF2-6A1570DA22E5} = {4A84E30F-1F95-4E8D-A567-F59FA4AF0608}
		{7DC9EFEB-8CF2-421A-8A6F-09FF152EB257} = {44C47032-573F-4BC2-A3AC-5312AEB0BB96}
		{2B2D66A7-1F8B-408F-B956-498255CAEF36} = {7DC9EFEB-8CF2-421A-8A6F-09FF152EB257}
		{609DF766-EDDD-49ED-AA5D-8C9A08323256} = {44C47032-573F-4BC2-A3AC-5312AEB0BB96}
		{555E31C5-F192-4432-B336-8BBECDE048C5} = {609DF766-EDDD-49ED-AA5D-8C9A08323256}
		{D0A3C494-FB61-49BF-B5FD-F0B321015199} = {D4D7C765-6BEC-4279-A9D9-E5F4D5BB3501}
	EndGlobalSection
	GlobalSection(ExtensibilityGlobals) = postSolution
		SolutionGuid = {46C3887A-B678-45FD-8241-8BBEBB282E99}
	EndGlobalSection
EndGlobal
